[[package]]
category = "main"
description = "Python client for the Prometheus monitoring system."
name = "prometheus-client"
optional = false
python-versions = "*"
version = "0.7.1"

[[package]]
category = "main"
description = "Tornado is a Python web framework and asynchronous networking library, originally developed at FriendFeed."
name = "tornado"
optional = false
python-versions = ">= 3.5"
version = "6.0.3"

[metadata]
content-hash = "9e874c3c6cc3c4dfaa0fc2d1d5ec1d550be8fc83650ff516df3aa9070a5f50c7"
python-versions = "^3.7"

[metadata.hashes]
prometheus-client = ["71cd24a2b3eb335cb800c7159f423df1bd4dcd5171b234be15e3f31ec9f622da"]
tornado = ["349884248c36801afa19e342a77cc4458caca694b0eda633f5878e458a44cb2c", "398e0d35e086ba38a0427c3b37f4337327231942e731edaa6e9fd1865bbd6f60", "4e73ef678b1a859f0cb29e1d895526a20ea64b5ffd510a2307b5998c7df24281", "559bce3d31484b665259f50cd94c5c28b961b09315ccd838f284687245f416e5", "abbe53a39734ef4aba061fca54e30c6b4639d3e1f59653f0da37a0003de148c7", "c845db36ba616912074c5b1ee897f8e0124df269468f25e4fe21fe72f6edd7a9", "c9399267c926a4e7c418baa5cbe91c7d1cf362d505a1ef898fde44a07c9dd8a5"]
